# This file is autogenerated, do not edit; changes may be undone by the next 'dep ensure'.


[[projects]]
  digest = "1:87dfa44125cfbb3317f5d1d021f4e65e5a29504ed74ea66d5ebc435172c37dfc"
  name = "github.com/go-bindata/go-bindata"
  packages = ["."]
  pruneopts = "UT"
  revision = "ff7109080027ec152dabb369e157c4f359b76f31"
  version = "v3.1.2"

[[projects]]
  digest = "1:f4e64bb62274202b95403b8ae001d0601cee01afadf60767fb0e1d239f8f1413"
  name = "github.com/magefile/mage"
  packages = [
    "internal",
    "mage",
    "mg",
    "parse",
    "sh",
  ]
  pruneopts = "UT"
  revision = "aedfce64c122eef47009b7f80c9771044753215d"
  version = "v1.8.0"

[[projects]]
  branch = "master"
  digest = "1:68cecd4c1137f77dfa2db1f13a0ceef2b5606d6b69d66fa69f7df1b2f2fe9afc"
  name = "github.com/shurcooL/httpfs"
  packages = ["vfsutil"]
  pruneopts = "UT"
  revision = "6a4d4a70508bfeac7afc814c5e4345e1c640b6b2"

[[projects]]
  branch = "master"
  digest = "1:98450c86949b8cdc4637b80c1c686ca955e503d3fbae9296d1f49c532895d281"
  name = "github.com/shurcooL/vfsgen"
  packages = ["."]
  pruneopts = "UT"
  revision = "6a9ea43bcacdf716a5c1b38efff722c07adf0069"

[solve-meta]
  analyzer-name = "dep"
  analyzer-version = 1
  input-imports = [
    "github.com/go-bindata/go-bindata",
    "github.com/magefile/mage/mage",
    "github.com/magefile/mage/sh",
    "github.com/shurcooL/httpfs/vfsutil",
    "github.com/shurcooL/vfsgen",
  ]
  solver-name = "gps-cdcl"
  solver-version = 1
